
Microsoft Visual Studio Solution File, Format Version 12.00
# Visual Studio Version 16
VisualStudioVersion = 16.0.31205.134
MinimumVisualStudioVersion = 10.0.40219.1
Project("{FAE04EC0-301F-11D3-BF4B-00C04F79EFBC}") = "WinningGroupProductsAPI", "WinningGroupProductsAPI\WinningGroupProductsAPI.csproj", "{2AFD4E6C-A51B-4D09-A9D6-3BD274F54E75}"
EndProject
Project("{FAE04EC0-301F-11D3-BF4B-00C04F79EFBC}") = "WinningGroupProductsAPI.Tests", "WinningGroupProductsAPI.Tests\WinningGroupProductsAPI.Tests.csproj", "{D72E9F63-F154-4D8E-8ECD-E4305CF2FE26}"
EndProject
Global
	GlobalSection(SolutionConfigurationPlatforms) = preSolution
		Debug|Any CPU = Debug|Any CPU
		Release|Any CPU = Release|Any CPU
	EndGlobalSection
	GlobalSection(ProjectConfigurationPlatforms) = postSolution
		{2AFD4E6C-A51B-4D09-A9D6-3BD274F54E75}.Debug|Any CPU.ActiveCfg = Debug|Any CPU
		{2AFD4E6C-A51B-4D09-A9D6-3BD274F54E75}.Debug|Any CPU.Build.0 = Debug|Any CPU
		{2AFD4E6C-A51B-4D09-A9D6-3BD274F54E75}.Release|Any CPU.ActiveCfg = Release|Any CPU
		{2AFD4E6C-A51B-4D09-A9D6-3BD274F54E75}.Release|Any CPU.Build.0 = Release|Any CPU
		{D72E9F63-F154-4D8E-8ECD-E4305CF2FE26}.Debug|Any CPU.ActiveCfg = Debug|Any CPU
		{D72E9F63-F154-4D8E-8ECD-E4305CF2FE26}.Debug|Any CPU.Build.0 = Debug|Any CPU
		{D72E9F63-F154-4D8E-8ECD-E4305CF2FE26}.Release|Any CPU.ActiveCfg = Release|Any CPU
		{D72E9F63-F154-4D8E-8ECD-E4305CF2FE26}.Release|Any CPU.Build.0 = Release|Any CPU
	EndGlobalSection
	GlobalSection(SolutionProperties) = preSolution
		HideSolutionNode = FALSE
	EndGlobalSection
	GlobalSection(ExtensibilityGlobals) = postSolution
		SolutionGuid = {6516CCC5-C528-4678-ACB3-357DA99B207D}
	EndGlobalSection
EndGlobal
